// !$*UTF8*$!
{
	archiveVersion = 1;
	classes = {
	};
	objectVersion = 50;
	objects = {

/* Begin PBXBuildFile section */
		95468AE826446DE6003563FB /* RIEmptyStateView.swift in Sources */ = {isa = PBXBuildFile; fileRef = 95468AE726446DE6003563FB /* RIEmptyStateView.swift */; };
		95468AEA26451CE2003563FB /* UserInfoVC.swift in Sources */ = {isa = PBXBuildFile; fileRef = 95468AE926451CE2003563FB /* UserInfoVC.swift */; };
		95468AEC26453850003563FB /* RIUserInfoHeaderVC.swift in Sources */ = {isa = PBXBuildFile; fileRef = 95468AEB26453850003563FB /* RIUserInfoHeaderVC.swift */; };
		95468AEF26453E57003563FB /* RIItemInfoVC.swift in Sources */ = {isa = PBXBuildFile; fileRef = 95468AEE26453E57003563FB /* RIItemInfoVC.swift */; };
		95468AF126453E7F003563FB /* RIRepoItemVC.swift in Sources */ = {isa = PBXBuildFile; fileRef = 95468AF026453E7F003563FB /* RIRepoItemVC.swift */; };
		95468AF326453EA7003563FB /* RIFollowerItemVC.swift in Sources */ = {isa = PBXBuildFile; fileRef = 95468AF226453EA7003563FB /* RIFollowerItemVC.swift */; };
		95468AF526453F1B003563FB /* RIItemInfoView.swift in Sources */ = {isa = PBXBuildFile; fileRef = 95468AF426453F1B003563FB /* RIItemInfoView.swift */; };
		95468AF726453FE3003563FB /* RISecondaryTitleLabel.swift in Sources */ = {isa = PBXBuildFile; fileRef = 95468AF626453FE3003563FB /* RISecondaryTitleLabel.swift */; };
		95468AF926454114003563FB /* Date+Ext.swift in Sources */ = {isa = PBXBuildFile; fileRef = 95468AF826454114003563FB /* Date+Ext.swift */; };
		95468AFB2645412E003563FB /* String+Ext.swift in Sources */ = {isa = PBXBuildFile; fileRef = 95468AFA2645412E003563FB /* String+Ext.swift */; };
		95468AFD26454247003563FB /* FavoriteCell.swift in Sources */ = {isa = PBXBuildFile; fileRef = 95468AFC26454247003563FB /* FavoriteCell.swift */; };
		95468AFF264542AC003563FB /* PersistenceManager.swift in Sources */ = {isa = PBXBuildFile; fileRef = 95468AFE264542AC003563FB /* PersistenceManager.swift */; };
		95468B012645431E003563FB /* Constants.swift in Sources */ = {isa = PBXBuildFile; fileRef = 95468B002645431E003563FB /* Constants.swift */; };
		95468B0326454340003563FB /* UIHelper.swift in Sources */ = {isa = PBXBuildFile; fileRef = 95468B0226454340003563FB /* UIHelper.swift */; };
		95468B0626454547003563FB /* RITabBarController.swift in Sources */ = {isa = PBXBuildFile; fileRef = 95468B0526454547003563FB /* RITabBarController.swift */; };
		95921EFB2641C6DA005952C5 /* AppDelegate.swift in Sources */ = {isa = PBXBuildFile; fileRef = 95921EFA2641C6DA005952C5 /* AppDelegate.swift */; };
		95921EFD2641C6DA005952C5 /* SceneDelegate.swift in Sources */ = {isa = PBXBuildFile; fileRef = 95921EFC2641C6DA005952C5 /* SceneDelegate.swift */; };
		95921F042641C6DE005952C5 /* Assets.xcassets in Resources */ = {isa = PBXBuildFile; fileRef = 95921F032641C6DE005952C5 /* Assets.xcassets */; };
		95921F072641C6DE005952C5 /* LaunchScreen.storyboard in Resources */ = {isa = PBXBuildFile; fileRef = 95921F052641C6DE005952C5 /* LaunchScreen.storyboard */; };
		95921F0F2641CB18005952C5 /* SearchVC.swift in Sources */ = {isa = PBXBuildFile; fileRef = 95921F0E2641CB18005952C5 /* SearchVC.swift */; };
		95921F112641CB52005952C5 /* FavoritesVC.swift in Sources */ = {isa = PBXBuildFile; fileRef = 95921F102641CB52005952C5 /* FavoritesVC.swift */; };
		95921F132641D28A005952C5 /* RIButton.swift in Sources */ = {isa = PBXBuildFile; fileRef = 95921F122641D28A005952C5 /* RIButton.swift */; };
		95921F152641D6A4005952C5 /* RITextField.swift in Sources */ = {isa = PBXBuildFile; fileRef = 95921F142641D6A4005952C5 /* RITextField.swift */; };
		95921F1726426BAB005952C5 /* FollowersListVC.swift in Sources */ = {isa = PBXBuildFile; fileRef = 95921F1626426BAB005952C5 /* FollowersListVC.swift */; };
		95921F1926427C0A005952C5 /* RITitleLabel.swift in Sources */ = {isa = PBXBuildFile; fileRef = 95921F1826427C0A005952C5 /* RITitleLabel.swift */; };
		95921F1B26427E1A005952C5 /* RIBodyLabel.swift in Sources */ = {isa = PBXBuildFile; fileRef = 95921F1A26427E1A005952C5 /* RIBodyLabel.swift */; };
		95921F1D26427EE3005952C5 /* RIAlertVC.swift in Sources */ = {isa = PBXBuildFile; fileRef = 95921F1C26427EE3005952C5 /* RIAlertVC.swift */; };
		95921F1F2642852E005952C5 /* UIViewController+Ext.swift in Sources */ = {isa = PBXBuildFile; fileRef = 95921F1E2642852E005952C5 /* UIViewController+Ext.swift */; };
		95921F27264296E2005952C5 /* Follower.swift in Sources */ = {isa = PBXBuildFile; fileRef = 95921F26264296E2005952C5 /* Follower.swift */; };
		95921F29264297AA005952C5 /* User.swift in Sources */ = {isa = PBXBuildFile; fileRef = 95921F28264297AA005952C5 /* User.swift */; };
		95921F2C26429D16005952C5 /* NetworkManager.swift in Sources */ = {isa = PBXBuildFile; fileRef = 95921F2B26429D16005952C5 /* NetworkManager.swift */; };
		95921F2F2642A942005952C5 /* RIError.swift in Sources */ = {isa = PBXBuildFile; fileRef = 95921F2E2642A942005952C5 /* RIError.swift */; };
		95921F322642E570005952C5 /* FollowerCell.swift in Sources */ = {isa = PBXBuildFile; fileRef = 95921F312642E570005952C5 /* FollowerCell.swift */; };
		95921F342642E5FD005952C5 /* RIAvatarImageView.swift in Sources */ = {isa = PBXBuildFile; fileRef = 95921F332642E5FD005952C5 /* RIAvatarImageView.swift */; };
/* End PBXBuildFile section */

/* Begin PBXFileReference section */
		95468AE726446DE6003563FB /* RIEmptyStateView.swift */ = {isa = PBXFileReference; lastKnownFileType = sourcecode.swift; path = RIEmptyStateView.swift; sourceTree = "<group>"; };
		95468AE926451CE2003563FB /* UserInfoVC.swift */ = {isa = PBXFileReference; lastKnownFileType = sourcecode.swift; path = UserInfoVC.swift; sourceTree = "<group>"; };
		95468AEB26453850003563FB /* RIUserInfoHeaderVC.swift */ = {isa = PBXFileReference; lastKnownFileType = sourcecode.swift; path = RIUserInfoHeaderVC.swift; sourceTree = "<group>"; };
		95468AEE26453E57003563FB /* RIItemInfoVC.swift */ = {isa = PBXFileReference; lastKnownFileType = sourcecode.swift; path = RIItemInfoVC.swift; sourceTree = "<group>"; };
		95468AF026453E7F003563FB /* RIRepoItemVC.swift */ = {isa = PBXFileReference; lastKnownFileType = sourcecode.swift; path = RIRepoItemVC.swift; sourceTree = "<group>"; };
		95468AF226453EA7003563FB /* RIFollowerItemVC.swift */ = {isa = PBXFileReference; lastKnownFileType = sourcecode.swift; path = RIFollowerItemVC.swift; sourceTree = "<group>"; };
		95468AF426453F1B003563FB /* RIItemInfoView.swift */ = {isa = PBXFileReference; lastKnownFileType = sourcecode.swift; path = RIItemInfoView.swift; sourceTree = "<group>"; };
		95468AF626453FE3003563FB /* RISecondaryTitleLabel.swift */ = {isa = PBXFileReference; lastKnownFileType = sourcecode.swift; path = RISecondaryTitleLabel.swift; sourceTree = "<group>"; };
		95468AF826454114003563FB /* Date+Ext.swift */ = {isa = PBXFileReference; lastKnownFileType = sourcecode.swift; path = "Date+Ext.swift"; sourceTree = "<group>"; };
		95468AFA2645412E003563FB /* String+Ext.swift */ = {isa = PBXFileReference; lastKnownFileType = sourcecode.swift; path = "String+Ext.swift"; sourceTree = "<group>"; };
		95468AFC26454247003563FB /* FavoriteCell.swift */ = {isa = PBXFileReference; lastKnownFileType = sourcecode.swift; path = FavoriteCell.swift; sourceTree = "<group>"; };
		95468AFE264542AC003563FB /* PersistenceManager.swift */ = {isa = PBXFileReference; lastKnownFileType = sourcecode.swift; path = PersistenceManager.swift; sourceTree = "<group>"; };
		95468B002645431E003563FB /* Constants.swift */ = {isa = PBXFileReference; lastKnownFileType = sourcecode.swift; path = Constants.swift; sourceTree = "<group>"; };
		95468B0226454340003563FB /* UIHelper.swift */ = {isa = PBXFileReference; lastKnownFileType = sourcecode.swift; path = UIHelper.swift; sourceTree = "<group>"; };
		95468B0526454547003563FB /* RITabBarController.swift */ = {isa = PBXFileReference; lastKnownFileType = sourcecode.swift; path = RITabBarController.swift; sourceTree = "<group>"; };
		95921EF72641C6DA005952C5 /* Followers.app */ = {isa = PBXFileReference; explicitFileType = wrapper.application; includeInIndex = 0; path = Followers.app; sourceTree = BUILT_PRODUCTS_DIR; };
		95921EFA2641C6DA005952C5 /* AppDelegate.swift */ = {isa = PBXFileReference; lastKnownFileType = sourcecode.swift; path = AppDelegate.swift; sourceTree = "<group>"; };
		95921EFC2641C6DA005952C5 /* SceneDelegate.swift */ = {isa = PBXFileReference; lastKnownFileType = sourcecode.swift; path = SceneDelegate.swift; sourceTree = "<group>"; };
		95921F032641C6DE005952C5 /* Assets.xcassets */ = {isa = PBXFileReference; lastKnownFileType = folder.assetcatalog; path = Assets.xcassets; sourceTree = "<group>"; };
		95921F062641C6DE005952C5 /* Base */ = {isa = PBXFileReference; lastKnownFileType = file.storyboard; name = Base; path = Base.lproj/LaunchScreen.storyboard; sourceTree = "<group>"; };
		95921F082641C6DE005952C5 /* Info.plist */ = {isa = PBXFileReference; lastKnownFileType = text.plist.xml; path = Info.plist; sourceTree = "<group>"; };
		95921F0E2641CB18005952C5 /* SearchVC.swift */ = {isa = PBXFileReference; lastKnownFileType = sourcecode.swift; path = SearchVC.swift; sourceTree = "<group>"; };
		95921F102641CB52005952C5 /* FavoritesVC.swift */ = {isa = PBXFileReference; lastKnownFileType = sourcecode.swift; path = FavoritesVC.swift; sourceTree = "<group>"; };
		95921F122641D28A005952C5 /* RIButton.swift */ = {isa = PBXFileReference; lastKnownFileType = sourcecode.swift; path = RIButton.swift; sourceTree = "<group>"; };
		95921F142641D6A4005952C5 /* RITextField.swift */ = {isa = PBXFileReference; lastKnownFileType = sourcecode.swift; path = RITextField.swift; sourceTree = "<group>"; };
		95921F1626426BAB005952C5 /* FollowersListVC.swift */ = {isa = PBXFileReference; lastKnownFileType = sourcecode.swift; path = FollowersListVC.swift; sourceTree = "<group>"; };
		95921F1826427C0A005952C5 /* RITitleLabel.swift */ = {isa = PBXFileReference; lastKnownFileType = sourcecode.swift; path = RITitleLabel.swift; sourceTree = "<group>"; };
		95921F1A26427E1A005952C5 /* RIBodyLabel.swift */ = {isa = PBXFileReference; lastKnownFileType = sourcecode.swift; path = RIBodyLabel.swift; sourceTree = "<group>"; };
		95921F1C26427EE3005952C5 /* RIAlertVC.swift */ = {isa = PBXFileReference; lastKnownFileType = sourcecode.swift; path = RIAlertVC.swift; sourceTree = "<group>"; };
		95921F1E2642852E005952C5 /* UIViewController+Ext.swift */ = {isa = PBXFileReference; lastKnownFileType = sourcecode.swift; path = "UIViewController+Ext.swift"; sourceTree = "<group>"; };
		95921F26264296E2005952C5 /* Follower.swift */ = {isa = PBXFileReference; lastKnownFileType = sourcecode.swift; path = Follower.swift; sourceTree = "<group>"; };
		95921F28264297AA005952C5 /* User.swift */ = {isa = PBXFileReference; lastKnownFileType = sourcecode.swift; path = User.swift; sourceTree = "<group>"; };
		95921F2B26429D16005952C5 /* NetworkManager.swift */ = {isa = PBXFileReference; lastKnownFileType = sourcecode.swift; path = NetworkManager.swift; sourceTree = "<group>"; };
		95921F2E2642A942005952C5 /* RIError.swift */ = {isa = PBXFileReference; lastKnownFileType = sourcecode.swift; path = RIError.swift; sourceTree = "<group>"; };
		95921F312642E570005952C5 /* FollowerCell.swift */ = {isa = PBXFileReference; lastKnownFileType = sourcecode.swift; path = FollowerCell.swift; sourceTree = "<group>"; };
		95921F332642E5FD005952C5 /* RIAvatarImageView.swift */ = {isa = PBXFileReference; lastKnownFileType = sourcecode.swift; path = RIAvatarImageView.swift; sourceTree = "<group>"; };
/* End PBXFileReference section */

/* Begin PBXFrameworksBuildPhase section */
		95921EF42641C6DA005952C5 /* Frameworks */ = {
			isa = PBXFrameworksBuildPhase;
			buildActionMask = 2147483647;
			files = (
			);
			runOnlyForDeploymentPostprocessing = 0;
		};
/* End PBXFrameworksBuildPhase section */

/* Begin PBXGroup section */
		95468AE126446D18003563FB /* Views */ = {
			isa = PBXGroup;
			children = (
				95468AE726446DE6003563FB /* RIEmptyStateView.swift */,
				95468AF426453F1B003563FB /* RIItemInfoView.swift */,
			);
			path = Views;
			sourceTree = "<group>";
		};
		95468AE226446D28003563FB /* Buttons */ = {
			isa = PBXGroup;
			children = (
				95921F122641D28A005952C5 /* RIButton.swift */,
			);
			path = Buttons;
			sourceTree = "<group>";
		};
		95468AE326446D33003563FB /* TextFields */ = {
			isa = PBXGroup;
			children = (
				95921F142641D6A4005952C5 /* RITextField.swift */,
			);
			path = TextFields;
			sourceTree = "<group>";
		};
		95468AE426446D43003563FB /* ImageViews */ = {
			isa = PBXGroup;
			children = (
				95921F332642E5FD005952C5 /* RIAvatarImageView.swift */,
			);
			path = ImageViews;
			sourceTree = "<group>";
		};
		95468AE526446D4F003563FB /* ViewControllers */ = {
			isa = PBXGroup;
			children = (
				95468AED26453E2E003563FB /* ItemInfoVCs */,
				95921F1C26427EE3005952C5 /* RIAlertVC.swift */,
				95468AEB26453850003563FB /* RIUserInfoHeaderVC.swift */,
			);
			path = ViewControllers;
			sourceTree = "<group>";
		};
		95468AE626446D7F003563FB /* Labels */ = {
			isa = PBXGroup;
			children = (
				95921F1826427C0A005952C5 /* RITitleLabel.swift */,
				95921F1A26427E1A005952C5 /* RIBodyLabel.swift */,
				95468AF626453FE3003563FB /* RISecondaryTitleLabel.swift */,
			);
			path = Labels;
			sourceTree = "<group>";
		};
		95468AED26453E2E003563FB /* ItemInfoVCs */ = {
			isa = PBXGroup;
			children = (
				95468AEE26453E57003563FB /* RIItemInfoVC.swift */,
				95468AF026453E7F003563FB /* RIRepoItemVC.swift */,
				95468AF226453EA7003563FB /* RIFollowerItemVC.swift */,
			);
			path = ItemInfoVCs;
			sourceTree = "<group>";
		};
		95468B042645451D003563FB /* TabBarControllers */ = {
			isa = PBXGroup;
			children = (
				95468B0526454547003563FB /* RITabBarController.swift */,
			);
			path = TabBarControllers;
			sourceTree = "<group>";
		};
		95921EEE2641C6DA005952C5 = {
			isa = PBXGroup;
			children = (
				95921EF92641C6DA005952C5 /* Followers */,
				95921EF82641C6DA005952C5 /* Products */,
			);
			sourceTree = "<group>";
		};
		95921EF82641C6DA005952C5 /* Products */ = {
			isa = PBXGroup;
			children = (
				95921EF72641C6DA005952C5 /* Followers.app */,
			);
			name = Products;
			sourceTree = "<group>";
		};
		95921EF92641C6DA005952C5 /* Followers */ = {
			isa = PBXGroup;
			children = (
				95921F2D2642A930005952C5 /* Utilities */,
				95921F2A26429CFB005952C5 /* Managers */,
				95921F25264296D5005952C5 /* Model */,
				95921F24264292EC005952C5 /* Support */,
				95921F222642925E005952C5 /* Extensions */,
				95921F212642922C005952C5 /* CustomViews */,
				95921F20264291F7005952C5 /* Screens */,
			);
			path = Followers;
			sourceTree = "<group>";
		};
		95921F20264291F7005952C5 /* Screens */ = {
			isa = PBXGroup;
			children = (
				95921F1626426BAB005952C5 /* FollowersListVC.swift */,
				95921F102641CB52005952C5 /* FavoritesVC.swift */,
				95921F0E2641CB18005952C5 /* SearchVC.swift */,
				95468AE926451CE2003563FB /* UserInfoVC.swift */,
			);
			path = Screens;
			sourceTree = "<group>";
		};
		95921F212642922C005952C5 /* CustomViews */ = {
			isa = PBXGroup;
			children = (
				95468B042645451D003563FB /* TabBarControllers */,
				95468AE626446D7F003563FB /* Labels */,
				95468AE526446D4F003563FB /* ViewControllers */,
				95468AE426446D43003563FB /* ImageViews */,
				95468AE326446D33003563FB /* TextFields */,
				95468AE226446D28003563FB /* Buttons */,
				95468AE126446D18003563FB /* Views */,
				95921F302642E53B005952C5 /* Cells */,
			);
			path = CustomViews;
			sourceTree = "<group>";
		};
		95921F222642925E005952C5 /* Extensions */ = {
			isa = PBXGroup;
			children = (
				95921F1E2642852E005952C5 /* UIViewController+Ext.swift */,
				95468AF826454114003563FB /* Date+Ext.swift */,
				95468AFA2645412E003563FB /* String+Ext.swift */,
			);
			path = Extensions;
			sourceTree = "<group>";
		};
		95921F24264292EC005952C5 /* Support */ = {
			isa = PBXGroup;
			children = (
				95921EFA2641C6DA005952C5 /* AppDelegate.swift */,
				95921EFC2641C6DA005952C5 /* SceneDelegate.swift */,
				95921F032641C6DE005952C5 /* Assets.xcassets */,
				95921F052641C6DE005952C5 /* LaunchScreen.storyboard */,
				95921F082641C6DE005952C5 /* Info.plist */,
			);
			name = Support;
			sourceTree = "<group>";
		};
		95921F25264296D5005952C5 /* Model */ = {
			isa = PBXGroup;
			children = (
				95921F26264296E2005952C5 /* Follower.swift */,
				95921F28264297AA005952C5 /* User.swift */,
			);
			path = Model;
			sourceTree = "<group>";
		};
		95921F2A26429CFB005952C5 /* Managers */ = {
			isa = PBXGroup;
			children = (
				95921F2B26429D16005952C5 /* NetworkManager.swift */,
				95468AFE264542AC003563FB /* PersistenceManager.swift */,
			);
			path = Managers;
			sourceTree = "<group>";
		};
		95921F2D2642A930005952C5 /* Utilities */ = {
			isa = PBXGroup;
			children = (
				95921F2E2642A942005952C5 /* RIError.swift */,
				95468B002645431E003563FB /* Constants.swift */,
				95468B0226454340003563FB /* UIHelper.swift */,
			);
			path = Utilities;
			sourceTree = "<group>";
		};
		95921F302642E53B005952C5 /* Cells */ = {
			isa = PBXGroup;
			children = (
				95921F312642E570005952C5 /* FollowerCell.swift */,
				95468AFC26454247003563FB /* FavoriteCell.swift */,
			);
			path = Cells;
			sourceTree = "<group>";
		};
/* End PBXGroup section */

/* Begin PBXNativeTarget section */
		95921EF62641C6DA005952C5 /* Followers */ = {
			isa = PBXNativeTarget;
			buildConfigurationList = 95921F0B2641C6DE005952C5 /* Build configuration list for PBXNativeTarget "Followers" */;
			buildPhases = (
				95921EF32641C6DA005952C5 /* Sources */,
				95921EF42641C6DA005952C5 /* Frameworks */,
				95921EF52641C6DA005952C5 /* Resources */,
			);
			buildRules = (
			);
			dependencies = (
			);
			name = Followers;
			productName = Followers;
			productReference = 95921EF72641C6DA005952C5 /* Followers.app */;
			productType = "com.apple.product-type.application";
		};
/* End PBXNativeTarget section */

/* Begin PBXProject section */
		95921EEF2641C6DA005952C5 /* Project object */ = {
			isa = PBXProject;
			attributes = {
				LastSwiftUpdateCheck = 1250;
				LastUpgradeCheck = 1250;
				TargetAttributes = {
					95921EF62641C6DA005952C5 = {
						CreatedOnToolsVersion = 12.5;
					};
				};
			};
			buildConfigurationList = 95921EF22641C6DA005952C5 /* Build configuration list for PBXProject "Followers" */;
			compatibilityVersion = "Xcode 9.3";
			developmentRegion = en;
			hasScannedForEncodings = 0;
			knownRegions = (
				en,
				Base,
			);
			mainGroup = 95921EEE2641C6DA005952C5;
			productRefGroup = 95921EF82641C6DA005952C5 /* Products */;
			projectDirPath = "";
			projectRoot = "";
			targets = (
				95921EF62641C6DA005952C5 /* Followers */,
			);
		};
/* End PBXProject section */

/* Begin PBXResourcesBuildPhase section */
		95921EF52641C6DA005952C5 /* Resources */ = {
			isa = PBXResourcesBuildPhase;
			buildActionMask = 2147483647;
			files = (
				95921F072641C6DE005952C5 /* LaunchScreen.storyboard in Resources */,
				95921F042641C6DE005952C5 /* Assets.xcassets in Resources */,
			);
			runOnlyForDeploymentPostprocessing = 0;
		};
/* End PBXResourcesBuildPhase section */

/* Begin PBXSourcesBuildPhase section */
		95921EF32641C6DA005952C5 /* Sources */ = {
			isa = PBXSourcesBuildPhase;
			buildActionMask = 2147483647;
			files = (
				95468AF526453F1B003563FB /* RIItemInfoView.swift in Sources */,
				95468B0326454340003563FB /* UIHelper.swift in Sources */,
				95921F29264297AA005952C5 /* User.swift in Sources */,
				95468AEF26453E57003563FB /* RIItemInfoVC.swift in Sources */,
				95921F1D26427EE3005952C5 /* RIAlertVC.swift in Sources */,
				95921F152641D6A4005952C5 /* RITextField.swift in Sources */,
				95468B012645431E003563FB /* Constants.swift in Sources */,
				95468AEC26453850003563FB /* RIUserInfoHeaderVC.swift in Sources */,
				95921F1726426BAB005952C5 /* FollowersListVC.swift in Sources */,
				95921F1F2642852E005952C5 /* UIViewController+Ext.swift in Sources */,
				95921F1926427C0A005952C5 /* RITitleLabel.swift in Sources */,
				95468B0626454547003563FB /* RITabBarController.swift in Sources */,
				95468AFD26454247003563FB /* FavoriteCell.swift in Sources */,
				95468AFB2645412E003563FB /* String+Ext.swift in Sources */,
				95468AF126453E7F003563FB /* RIRepoItemVC.swift in Sources */,
				95921F112641CB52005952C5 /* FavoritesVC.swift in Sources */,
				95921F322642E570005952C5 /* FollowerCell.swift in Sources */,
				95921F342642E5FD005952C5 /* RIAvatarImageView.swift in Sources */,
				95921F2F2642A942005952C5 /* RIError.swift in Sources */,
				95921F132641D28A005952C5 /* RIButton.swift in Sources */,
				95468AF926454114003563FB /* Date+Ext.swift in Sources */,
				95468AE826446DE6003563FB /* RIEmptyStateView.swift in Sources */,
				95468AF726453FE3003563FB /* RISecondaryTitleLabel.swift in Sources */,
				95921F27264296E2005952C5 /* Follower.swift in Sources */,
				95468AEA26451CE2003563FB /* UserInfoVC.swift in Sources */,
				95468AFF264542AC003563FB /* PersistenceManager.swift in Sources */,
				95921F0F2641CB18005952C5 /* SearchVC.swift in Sources */,
				95921F2C26429D16005952C5 /* NetworkManager.swift in Sources */,
				95921F1B26427E1A005952C5 /* RIBodyLabel.swift in Sources */,
				95921EFB2641C6DA005952C5 /* AppDelegate.swift in Sources */,
				95921EFD2641C6DA005952C5 /* SceneDelegate.swift in Sources */,
				95468AF326453EA7003563FB /* RIFollowerItemVC.swift in Sources */,
			);
			runOnlyForDeploymentPostprocessing = 0;
		};
/* End PBXSourcesBuildPhase section */

/* Begin PBXVariantGroup section */
		95921F052641C6DE005952C5 /* LaunchScreen.storyboard */ = {
			isa = PBXVariantGroup;
			children = (
				95921F062641C6DE005952C5 /* Base */,
			);
			name = LaunchScreen.storyboard;
			sourceTree = "<group>";
		};
/* End PBXVariantGroup section */

/* Begin XCBuildConfiguration section */
		95921F092641C6DE005952C5 /* Debug */ = {
			isa = XCBuildConfiguration;
			buildSettings = {
				ALWAYS_SEARCH_USER_PATHS = NO;
				CLANG_ANALYZER_NONNULL = YES;
				CLANG_ANALYZER_NUMBER_OBJECT_CONVERSION = YES_AGGRESSIVE;
				CLANG_CXX_LANGUAGE_STANDARD = "gnu++14";
				CLANG_CXX_LIBRARY = "libc++";
				CLANG_ENABLE_MODULES = YES;
				CLANG_ENABLE_OBJC_ARC = YES;
				CLANG_ENABLE_OBJC_WEAK = YES;
				CLANG_WARN_BLOCK_CAPTURE_AUTORELEASING = YES;
				CLANG_WARN_BOOL_CONVERSION = YES;
				CLANG_WARN_COMMA = YES;
				CLANG_WARN_CONSTANT_CONVERSION = YES;
				CLANG_WARN_DEPRECATED_OBJC_IMPLEMENTATIONS = YES;
				CLANG_WARN_DIRECT_OBJC_ISA_USAGE = YES_ERROR;
				CLANG_WARN_DOCUMENTATION_COMMENTS = YES;
				CLANG_WARN_EMPTY_BODY = YES;
				CLANG_WARN_ENUM_CONVERSION = YES;
				CLANG_WARN_INFINITE_RECURSION = YES;
				CLANG_WARN_INT_CONVERSION = YES;
				CLANG_WARN_NON_LITERAL_NULL_CONVERSION = YES;
				CLANG_WARN_OBJC_IMPLICIT_RETAIN_SELF = YES;
				CLANG_WARN_OBJC_LITERAL_CONVERSION = YES;
				CLANG_WARN_OBJC_ROOT_CLASS = YES_ERROR;
				CLANG_WARN_QUOTED_INCLUDE_IN_FRAMEWORK_HEADER = YES;
				CLANG_WARN_RANGE_LOOP_ANALYSIS = YES;
				CLANG_WARN_STRICT_PROTOTYPES = YES;
				CLANG_WARN_SUSPICIOUS_MOVE = YES;
				CLANG_WARN_UNGUARDED_AVAILABILITY = YES_AGGRESSIVE;
				CLANG_WARN_UNREACHABLE_CODE = YES;
				CLANG_WARN__DUPLICATE_METHOD_MATCH = YES;
				COPY_PHASE_STRIP = NO;
				DEBUG_INFORMATION_FORMAT = dwarf;
				ENABLE_STRICT_OBJC_MSGSEND = YES;
				ENABLE_TESTABILITY = YES;
				GCC_C_LANGUAGE_STANDARD = gnu11;
				GCC_DYNAMIC_NO_PIC = NO;
				GCC_NO_COMMON_BLOCKS = YES;
				GCC_OPTIMIZATION_LEVEL = 0;
				GCC_PREPROCESSOR_DEFINITIONS = (
					"DEBUG=1",
					"$(inherited)",
				);
				GCC_WARN_64_TO_32_BIT_CONVERSION = YES;
				GCC_WARN_ABOUT_RETURN_TYPE = YES_ERROR;
				GCC_WARN_UNDECLARED_SELECTOR = YES;
				GCC_WARN_UNINITIALIZED_AUTOS = YES_AGGRESSIVE;
				GCC_WARN_UNUSED_FUNCTION = YES;
				GCC_WARN_UNUSED_VARIABLE = YES;
				IPHONEOS_DEPLOYMENT_TARGET = 14.5;
				MTL_ENABLE_DEBUG_INFO = INCLUDE_SOURCE;
				MTL_FAST_MATH = YES;
				ONLY_ACTIVE_ARCH = YES;
				SDKROOT = iphoneos;
				SWIFT_ACTIVE_COMPILATION_CONDITIONS = DEBUG;
				SWIFT_OPTIMIZATION_LEVEL = "-Onone";
			};
			name = Debug;
		};
		95921F0A2641C6DE005952C5 /* Release */ = {
			isa = XCBuildConfiguration;
			buildSettings = {
				ALWAYS_SEARCH_USER_PATHS = NO;
				CLANG_ANALYZER_NONNULL = YES;
				CLANG_ANALYZER_NUMBER_OBJECT_CONVERSION = YES_AGGRESSIVE;
				CLANG_CXX_LANGUAGE_STANDARD = "gnu++14";
				CLANG_CXX_LIBRARY = "libc++";
				CLANG_ENABLE_MODULES = YES;
				CLANG_ENABLE_OBJC_ARC = YES;
				CLANG_ENABLE_OBJC_WEAK = YES;
				CLANG_WARN_BLOCK_CAPTURE_AUTORELEASING = YES;
				CLANG_WARN_BOOL_CONVERSION = YES;
				CLANG_WARN_COMMA = YES;
				CLANG_WARN_CONSTANT_CONVERSION = YES;
				CLANG_WARN_DEPRECATED_OBJC_IMPLEMENTATIONS = YES;
				CLANG_WARN_DIRECT_OBJC_ISA_USAGE = YES_ERROR;
				CLANG_WARN_DOCUMENTATION_COMMENTS = YES;
				CLANG_WARN_EMPTY_BODY = YES;
				CLANG_WARN_ENUM_CONVERSION = YES;
				CLANG_WARN_INFINITE_RECURSION = YES;
				CLANG_WARN_INT_CONVERSION = YES;
				CLANG_WARN_NON_LITERAL_NULL_CONVERSION = YES;
				CLANG_WARN_OBJC_IMPLICIT_RETAIN_SELF = YES;
				CLANG_WARN_OBJC_LITERAL_CONVERSION = YES;
				CLANG_WARN_OBJC_ROOT_CLASS = YES_ERROR;
				CLANG_WARN_QUOTED_INCLUDE_IN_FRAMEWORK_HEADER = YES;
				CLANG_WARN_RANGE_LOOP_ANALYSIS = YES;
				CLANG_WARN_STRICT_PROTOTYPES = YES;
				CLANG_WARN_SUSPICIOUS_MOVE = YES;
				CLANG_WARN_UNGUARDED_AVAILABILITY = YES_AGGRESSIVE;
				CLANG_WARN_UNREACHABLE_CODE = YES;
				CLANG_WARN__DUPLICATE_METHOD_MATCH = YES;
				COPY_PHASE_STRIP = NO;
				DEBUG_INFORMATION_FORMAT = "dwarf-with-dsym";
				ENABLE_NS_ASSERTIONS = NO;
				ENABLE_STRICT_OBJC_MSGSEND = YES;
				GCC_C_LANGUAGE_STANDARD = gnu11;
				GCC_NO_COMMON_BLOCKS = YES;
				GCC_WARN_64_TO_32_BIT_CONVERSION = YES;
				GCC_WARN_ABOUT_RETURN_TYPE = YES_ERROR;
				GCC_WARN_UNDECLARED_SELECTOR = YES;
				GCC_WARN_UNINITIALIZED_AUTOS = YES_AGGRESSIVE;
				GCC_WARN_UNUSED_FUNCTION = YES;
				GCC_WARN_UNUSED_VARIABLE = YES;
				IPHONEOS_DEPLOYMENT_TARGET = 14.5;
				MTL_ENABLE_DEBUG_INFO = NO;
				MTL_FAST_MATH = YES;
				SDKROOT = iphoneos;
				SWIFT_COMPILATION_MODE = wholemodule;
				SWIFT_OPTIMIZATION_LEVEL = "-O";
				VALIDATE_PRODUCT = YES;
			};
			name = Release;
		};
		95921F0C2641C6DE005952C5 /* Debug */ = {
			isa = XCBuildConfiguration;
			buildSettings = {
				ASSETCATALOG_COMPILER_APPICON_NAME = AppIcon;
				ASSETCATALOG_COMPILER_GLOBAL_ACCENT_COLOR_NAME = AccentColor;
				CODE_SIGN_STYLE = Automatic;
				DEVELOPMENT_TEAM = L8W86DZDY2;
				INFOPLIST_FILE = Followers/Info.plist;
				LD_RUNPATH_SEARCH_PATHS = (
					"$(inherited)",
					"@executable_path/Frameworks",
				);
				PRODUCT_BUNDLE_IDENTIFIER = com.ri.Followers;
				PRODUCT_NAME = "$(TARGET_NAME)";
				SWIFT_VERSION = 5.0;
				TARGETED_DEVICE_FAMILY = 1;
			};
			name = Debug;
		};
		95921F0D2641C6DE005952C5 /* Release */ = {
			isa = XCBuildConfiguration;
			buildSettings = {
				ASSETCATALOG_COMPILER_APPICON_NAME = AppIcon;
				ASSETCATALOG_COMPILER_GLOBAL_ACCENT_COLOR_NAME = AccentColor;
				CODE_SIGN_STYLE = Automatic;
				DEVELOPMENT_TEAM = L8W86DZDY2;
				INFOPLIST_FILE = Followers/Info.plist;
				LD_RUNPATH_SEARCH_PATHS = (
					"$(inherited)",
					"@executable_path/Frameworks",
				);
				PRODUCT_BUNDLE_IDENTIFIER = com.ri.Followers;
				PRODUCT_NAME = "$(TARGET_NAME)";
				SWIFT_VERSION = 5.0;
				TARGETED_DEVICE_FAMILY = 1;
			};
			name = Release;
		};
/* End XCBuildConfiguration section */

/* Begin XCConfigurationList section */
		95921EF22641C6DA005952C5 /* Build configuration list for PBXProject "Followers" */ = {
			isa = XCConfigurationList;
			buildConfigurations = (
				95921F092641C6DE005952C5 /* Debug */,
				95921F0A2641C6DE005952C5 /* Release */,
			);
			defaultConfigurationIsVisible = 0;
			defaultConfigurationName = Release;
		};
		95921F0B2641C6DE005952C5 /* Build configuration list for PBXNativeTarget "Followers" */ = {
			isa = XCConfigurationList;
			buildConfigurations = (
				95921F0C2641C6DE005952C5 /* Debug */,
				95921F0D2641C6DE005952C5 /* Release */,
			);
			defaultConfigurationIsVisible = 0;
			defaultConfigurationName = Release;
		};
/* End XCConfigurationList section */
	};
	rootObject = 95921EEF2641C6DA005952C5 /* Project object */;
}
